# THIS IS AN AUTOGENERATED FILE. DO NOT EDIT THIS FILE DIRECTLY.
# yarn lockfile v1


"@types/graphql@^0.8.5":
  version "0.8.6"
  resolved "https://registry.yarnpkg.com/@types/graphql/-/graphql-0.8.6.tgz#b34fb880493ba835b0c067024ee70130d6f9bb68"

deprecated-decorator@^0.1.6:
  version "0.1.6"
  resolved "https://registry.yarnpkg.com/deprecated-decorator/-/deprecated-decorator-0.1.6.tgz#00966317b7a12fe92f3cc831f7583af329b86c37"

graphql-tools@^0.10.1:
  version "0.10.1"
  resolved "https://registry.yarnpkg.com/graphql-tools/-/graphql-tools-0.10.1.tgz#274aa338d50b1c0b3ed6936eafd8ed3a19ed1828"
  dependencies:
    deprecated-decorator "^0.1.6"
    lodash "^4.3.0"
    uuid "^3.0.1"
  optionalDependencies:
    "@types/graphql" "^0.8.5"

graphql@^0.9.1:
  version "0.9.1"
  resolved "https://registry.yarnpkg.com/graphql/-/graphql-0.9.1.tgz#f4d154cbec054d4a5d3b1be95f23435c09aa86c8"
  dependencies:
    iterall "1.0.3"

iterall@1.0.3:
  version "1.0.3"
  resolved "https://registry.yarnpkg.com/iterall/-/iterall-1.0.3.tgz#e0b31958f835013c323ff0b10943829ac69aa4b7"

lodash@^4.3.0:
  version "4.17.4"
  resolved "https://registry.yarnpkg.com/lodash/-/lodash-4.17.4.tgz#78203a4d1c328ae1d86dca6460e369b57f4055ae"

ramda@^0.23.0:
  version "0.23.0"
  resolved "https://registry.yarnpkg.com/ramda/-/ramda-0.23.0.tgz#ccd13fff73497a93974e3e86327bfd87bd6e8e2b"

uuid@^3.0.1:
  version "3.0.1"
  resolved "https://registry.yarnpkg.com/uuid/-/uuid-3.0.1.tgz#6544bba2dfda8c1cf17e629a3a305e2bb1fee6c1"
